
Microsoft Visual Studio Solution File, Format Version 12.00
# Visual Studio Version 16
VisualStudioVersion = 16.0.30309.148
MinimumVisualStudioVersion = 10.0.40219.1
Project("{8BC9CEB8-8B4A-11D0-8D11-00A0C91BC942}") = "ctp_ljg", "ctp_ljg\ctp_ljg.vcxproj", "{112196A4-B18F-464B-ACB8-31F56F87715C}"
EndProject
Global
	GlobalSection(SolutionConfigurationPlatforms) = preSolution
		Debug|x64 = Debug|x64
		Release|x64 = Release|x64
	EndGlobalSection
	GlobalSection(ProjectConfigurationPlatforms) = postSolution
		{112196A4-B18F-464B-ACB8-31F56F87715C}.Debug|x64.ActiveCfg = Debug|x64
		{112196A4-B18F-464B-ACB8-31F56F87715C}.Debug|x64.Build.0 = Debug|x64
		{112196A4-B18F-464B-ACB8-31F56F87715C}.Release|x64.ActiveCfg = Release|x64
		{112196A4-B18F-464B-ACB8-31F56F87715C}.Release|x64.Build.0 = Release|x64
	EndGlobalSection
	GlobalSection(SolutionProperties) = preSolution
		HideSolutionNode = FALSE
	EndGlobalSection
	GlobalSection(ExtensibilityGlobals) = postSolution
		SolutionGuid = {B4A0CE85-E916-489E-9FF9-84BBD25BFAD3}
	EndGlobalSection
EndGlobal
